<?xml version="1.0" encoding="utf-8"?>
<Project ToolsVersion="4.0" xmlns="http://schemas.microsoft.com/developer/msbuild/2003">
  <ItemGroup>
    <Filter Include="Source Files">
      <UniqueIdentifier>{4FC737F1-C7A5-4376-A066-2A32D752A2FF}</UniqueIdentifier>
      <Extensions>cpp;c;cc;cxx;c++;cppm;ixx;def;odl;idl;hpj;bat;asm;asmx</Extensions>
    </Filter>
    <Filter Include="Header Files">
      <UniqueIdentifier>{93995380-89BD-4b04-88EB-625FBE52EBFB}</UniqueIdentifier>
      <Extensions>h;hh;hpp;hxx;h++;hm;inl;inc;ipp;xsd</Extensions>
    </Filter>
    <Filter Include="Resource Files">
      <UniqueIdentifier>{67DA6AB6-F800-4c08-8B7A-83BB121AAD01}</UniqueIdentifier>
      <Extensions>rc;ico;cur;bmp;dlg;rc2;rct;bin;rgs;gif;jpg;jpeg;jpe;resx;tiff;tif;png;wav;mfcribbon-ms</Extensions>
    </Filter>
  </ItemGroup>
  <ItemGroup>
    <ClCompile Include="hacks\advertisement.cpp">
      <Filter>Source Files</Filter>
    </ClCompile>
    <ClCompile Include="hacks\antiaim.cpp">
      <Filter>Source Files</Filter>
    </ClCompile>
    <ClCompile Include="hacks\chams.cpp">
      <Filter>Source Files</Filter>
    </ClCompile>
    <ClCompile Include="hacks\esp.cpp">
      <Filter>Source Files</Filter>
    </ClCompile>
    <ClCompile Include="hacks\grenade_prediction.cpp">
      <Filter>Source Files</Filter>
    </ClCompile>
    <ClCompile Include="hacks\misc.cpp">
      <Filter>Source Files</Filter>
    </ClCompile>
    <ClCompile Include="hacks\movement.cpp">
      <Filter>Source Files</Filter>
    </ClCompile>
    <ClCompile Include="hacks\peek_assistant.cpp">
      <Filter>Source Files</Filter>
    </ClCompile>
    <ClCompile Include="hacks\rage.cpp">
      <Filter>Source Files</Filter>
    </ClCompile>
    <ClCompile Include="hacks\skinchanger.cpp">
      <Filter>Source Files</Filter>
    </ClCompile>
    <ClCompile Include="hacks\tickbase.cpp">
      <Filter>Source Files</Filter>
    </ClCompile>
    <ClCompile Include="hacks\visuals.cpp">
      <Filter>Source Files</Filter>
    </ClCompile>
    <ClCompile Include="base\cfg.cpp">
      <Filter>Source Files</Filter>
    </ClCompile>
    <ClCompile Include="base\crash_handler.cpp">
      <Filter>Source Files</Filter>
    </ClCompile>
    <ClCompile Include="base\debug_overlay.cpp">
      <Filter>Source Files</Filter>
    </ClCompile>
    <ClCompile Include="base\draw_manager.cpp">
      <Filter>Source Files</Filter>
    </ClCompile>
    <ClCompile Include="base\event_log.cpp">
      <Filter>Source Files</Filter>
    </ClCompile>
    <ClCompile Include="base\game.cpp">
      <Filter>Source Files</Filter>
    </ClCompile>
    <ClCompile Include="base\hook_manager.cpp">
      <Filter>Source Files</Filter>
    </ClCompile>
    <ClCompile Include="detail\aim_helper.cpp">
      <Filter>Source Files</Filter>
    </ClCompile>
    <ClCompile Include="detail\custom_prediction.cpp">
      <Filter>Source Files</Filter>
    </ClCompile>
    <ClCompile Include="detail\custom_tracing.cpp">
      <Filter>Source Files</Filter>
    </ClCompile>
    <ClCompile Include="detail\dispatch_queue.cpp">
      <Filter>Source Files</Filter>
    </ClCompile>
    <ClCompile Include="detail\dx_adapter.cpp">
      <Filter>Source Files</Filter>
    </ClCompile>
    <ClCompile Include="detail\entity_rendering.cpp">
      <Filter>Source Files</Filter>
    </ClCompile>
    <ClCompile Include="detail\events.cpp">
      <Filter>Source Files</Filter>
    </ClCompile>
    <ClCompile Include="detail\player_list.cpp">
      <Filter>Source Files</Filter>
    </ClCompile>
    <ClCompile Include="detail\shot_tracker.cpp">
      <Filter>Source Files</Filter>
    </ClCompile>
    <ClCompile Include="gui\popups\about_popup.cpp">
      <Filter>Source Files</Filter>
    </ClCompile>
    <ClCompile Include="gui\popups\payment_popup.cpp">
      <Filter>Source Files</Filter>
    </ClCompile>
    <ClCompile Include="gui\popups\public_software_popup.cpp">
      <Filter>Source Files</Filter>
    </ClCompile>
    <ClCompile Include="gui\widgets\active_hotkeys.cpp">
      <Filter>Source Files</Filter>
    </ClCompile>
    <ClCompile Include="gui\widgets\bomb.cpp">
      <Filter>Source Files</Filter>
    </ClCompile>
    <ClCompile Include="gui\widgets\spectators.cpp">
      <Filter>Source Files</Filter>
    </ClCompile>
    <ClCompile Include="gui\preview_model.cpp">
      <Filter>Source Files</Filter>
    </ClCompile>
    <ClCompile Include="gui\public_software_item.cpp">
      <Filter>Source Files</Filter>
    </ClCompile>
    <ClCompile Include="gui\selectable_config.cpp">
      <Filter>Source Files</Filter>
    </ClCompile>
    <ClCompile Include="gui\selectable_script.cpp">
      <Filter>Source Files</Filter>
    </ClCompile>
    <ClCompile Include="gui_src\controls\button.cpp">
      <Filter>Source Files</Filter>
    </ClCompile>
    <ClCompile Include="gui_src\controls\checkbox.cpp">
      <Filter>Source Files</Filter>
    </ClCompile>
    <ClCompile Include="gui_src\controls\child_tab.cpp">
      <Filter>Source Files</Filter>
    </ClCompile>
    <ClCompile Include="gui_src\controls\color_picker.cpp">
      <Filter>Source Files</Filter>
    </ClCompile>
    <ClCompile Include="gui_src\controls\combo_box.cpp">
      <Filter>Source Files</Filter>
    </ClCompile>
    <ClCompile Include="gui_src\controls\control_container.cpp">
      <Filter>Source Files</Filter>
    </ClCompile>
    <ClCompile Include="gui_src\controls\group.cpp">
      <Filter>Source Files</Filter>
    </ClCompile>
    <ClCompile Include="gui_src\controls\hotkey.cpp">
      <Filter>Source Files</Filter>
    </ClCompile>
    <ClCompile Include="gui_src\controls\hsv_slider.cpp">
      <Filter>Source Files</Filter>
    </ClCompile>
    <ClCompile Include="gui_src\controls\label.cpp">
      <Filter>Source Files</Filter>
    </ClCompile>
    <ClCompile Include="gui_src\controls\layout.cpp">
      <Filter>Source Files</Filter>
    </ClCompile>
    <ClCompile Include="gui_src\controls\list.cpp">
      <Filter>Source Files</Filter>
    </ClCompile>
    <ClCompile Include="gui_src\controls\loading.cpp">
      <Filter>Source Files</Filter>
    </ClCompile>
    <ClCompile Include="gui_src\controls\notification_control.cpp">
      <Filter>Source Files</Filter>
    </ClCompile>
    <ClCompile Include="gui_src\controls\popup.cpp">
      <Filter>Source Files</Filter>
    </ClCompile>
    <ClCompile Include="gui_src\controls\search_result.cpp">
      <Filter>Source Files</Filter>
    </ClCompile>
    <ClCompile Include="gui_src\controls\selectable.cpp">
      <Filter>Source Files</Filter>
    </ClCompile>
    <ClCompile Include="gui_src\controls\slider.cpp">
      <Filter>Source Files</Filter>
    </ClCompile>
    <ClCompile Include="gui_src\controls\spacer.cpp">
      <Filter>Source Files</Filter>
    </ClCompile>
    <ClCompile Include="gui_src\controls\tab.cpp">
      <Filter>Source Files</Filter>
    </ClCompile>
    <ClCompile Include="gui_src\controls\tabs_layout.cpp">
      <Filter>Source Files</Filter>
    </ClCompile>
    <ClCompile Include="gui_src\controls\text_input.cpp">
      <Filter>Source Files</Filter>
    </ClCompile>
    <ClCompile Include="gui_src\controls\toggle_button.cpp">
      <Filter>Source Files</Filter>
    </ClCompile>
    <ClCompile Include="gui_src\controls\widget.cpp">
      <Filter>Source Files</Filter>
    </ClCompile>
    <ClCompile Include="gui_src\controls\window.cpp">
      <Filter>Source Files</Filter>
    </ClCompile>
    <ClCompile Include="gui_src\popups\color_picker_popup.cpp">
      <Filter>Source Files</Filter>
    </ClCompile>
    <ClCompile Include="gui_src\popups\combo_box_popup.cpp">
      <Filter>Source Files</Filter>
    </ClCompile>
    <ClCompile Include="gui_src\popups\dialog_box.cpp">
      <Filter>Source Files</Filter>
    </ClCompile>
    <ClCompile Include="gui_src\popups\hotkey_popup.cpp">
      <Filter>Source Files</Filter>
    </ClCompile>
    <ClCompile Include="gui_src\popups\message_box.cpp">
      <Filter>Source Files</Filter>
    </ClCompile>
    <ClCompile Include="gui_src\popups\notifications_popup.cpp">
      <Filter>Source Files</Filter>
    </ClCompile>
    <ClCompile Include="gui_src\popups\search_popup.cpp">
      <Filter>Source Files</Filter>
    </ClCompile>
    <ClCompile Include="gui_src\anim.cpp">
      <Filter>Source Files</Filter>
    </ClCompile>
    <ClCompile Include="gui_src\container.cpp">
      <Filter>Source Files</Filter>
    </ClCompile>
    <ClCompile Include="gui_src\control.cpp">
      <Filter>Source Files</Filter>
    </ClCompile>
    <ClCompile Include="gui_src\gui.cpp">
      <Filter>Source Files</Filter>
    </ClCompile>
    <ClCompile Include="gui_src\helpers.cpp">
      <Filter>Source Files</Filter>
    </ClCompile>
    <ClCompile Include="gui_src\input.cpp">
      <Filter>Source Files</Filter>
    </ClCompile>
    <ClCompile Include="gui_src\notify_system.cpp">
      <Filter>Source Files</Filter>
    </ClCompile>
    <ClCompile Include="hooks\client_mode.cpp">
      <Filter>Source Files</Filter>
    </ClCompile>
    <ClCompile Include="hooks\client_state.cpp">
      <Filter>Source Files</Filter>
    </ClCompile>
    <ClCompile Include="hooks\cs_grenade_projectile.cpp">
      <Filter>Source Files</Filter>
    </ClCompile>
    <ClCompile Include="hooks\cs_player.cpp">
      <Filter>Source Files</Filter>
    </ClCompile>
    <ClCompile Include="hooks\engine_client.cpp">
      <Filter>Source Files</Filter>
    </ClCompile>
    <ClCompile Include="hooks\entity.cpp">
      <Filter>Source Files</Filter>
    </ClCompile>
    <ClCompile Include="hooks\game_movement.cpp">
      <Filter>Source Files</Filter>
    </ClCompile>
    <ClCompile Include="hooks\hl_client.cpp">
      <Filter>Source Files</Filter>
    </ClCompile>
    <ClCompile Include="hooks\inputsystem.cpp">
      <Filter>Source Files</Filter>
    </ClCompile>
    <ClCompile Include="hooks\leaf_system.cpp">
      <Filter>Source Files</Filter>
    </ClCompile>
    <ClCompile Include="hooks\mat_system_surface.cpp">
      <Filter>Source Files</Filter>
    </ClCompile>
    <ClCompile Include="hooks\miscellaneous.cpp">
      <Filter>Source Files</Filter>
    </ClCompile>
    <ClCompile Include="hooks\model_render.cpp">
      <Filter>Source Files</Filter>
    </ClCompile>
    <ClCompile Include="hooks\prediction.cpp">
      <Filter>Source Files</Filter>
    </ClCompile>
    <ClCompile Include="hooks\recv_proxies.cpp">
      <Filter>Source Files</Filter>
    </ClCompile>
    <ClCompile Include="hooks\steam.cpp">
      <Filter>Source Files</Filter>
    </ClCompile>
    <ClCompile Include="hooks\trace_filter_for_player_head_collision.cpp">
      <Filter>Source Files</Filter>
    </ClCompile>
    <ClCompile Include="hooks\weapon.cpp">
      <Filter>Source Files</Filter>
    </ClCompile>
    <ClCompile Include="lua\api\cvar.cpp">
      <Filter>Source Files</Filter>
    </ClCompile>
    <ClCompile Include="lua\api\database.cpp">
      <Filter>Source Files</Filter>
    </ClCompile>
    <ClCompile Include="lua\api\engine_api.cpp">
      <Filter>Source Files</Filter>
    </ClCompile>
    <ClCompile Include="lua\api\entity_api.cpp">
      <Filter>Source Files</Filter>
    </ClCompile>
    <ClCompile Include="lua\api\event.cpp">
      <Filter>Source Files</Filter>
    </ClCompile>
    <ClCompile Include="lua\api\event_log_api.cpp">
      <Filter>Source Files</Filter>
    </ClCompile>
    <ClCompile Include="lua\api\fs.cpp">
      <Filter>Source Files</Filter>
    </ClCompile>
    <ClCompile Include="lua\api\globals.cpp">
      <Filter>Source Files</Filter>
    </ClCompile>
    <ClCompile Include="lua\api\gui_api.cpp">
      <Filter>Source Files</Filter>
    </ClCompile>
    <ClCompile Include="lua\api\input_api.cpp">
      <Filter>Source Files</Filter>
    </ClCompile>
    <ClCompile Include="lua\api\mat.cpp">
      <Filter>Source Files</Filter>
    </ClCompile>
    <ClCompile Include="lua\api\math.cpp">
      <Filter>Source Files</Filter>
    </ClCompile>
    <ClCompile Include="lua\api\net.cpp">
      <Filter>Source Files</Filter>
    </ClCompile>
    <ClCompile Include="lua\api\net_prop.cpp">
      <Filter>Source Files</Filter>
    </ClCompile>
    <ClCompile Include="lua\api\panorama.cpp">
      <Filter>Source Files</Filter>
    </ClCompile>
    <ClCompile Include="lua\api\payments.cpp">
      <Filter>Source Files</Filter>
    </ClCompile>
    <ClCompile Include="lua\api\render.cpp">
      <Filter>Source Files</Filter>
    </ClCompile>
    <ClCompile Include="lua\api\timer.cpp">
      <Filter>Source Files</Filter>
    </ClCompile>
    <ClCompile Include="lua\api\user_cmd.cpp">
      <Filter>Source Files</Filter>
    </ClCompile>
    <ClCompile Include="lua\api\utils.cpp">
      <Filter>Source Files</Filter>
    </ClCompile>
    <ClCompile Include="lua\api\zip.cpp">
      <Filter>Source Files</Filter>
    </ClCompile>
    <ClCompile Include="lua\engine.cpp">
      <Filter>Source Files</Filter>
    </ClCompile>
    <ClCompile Include="lua\helpers_api.cpp">
      <Filter>Source Files</Filter>
    </ClCompile>
    <ClCompile Include="lua\runtime_state.cpp">
      <Filter>Source Files</Filter>
    </ClCompile>
    <ClCompile Include="lua\script.cpp">
      <Filter>Source Files</Filter>
    </ClCompile>
    <ClCompile Include="lua\state.cpp">
      <Filter>Source Files</Filter>
    </ClCompile>
    <ClCompile Include="menu\effects\snow_effect.cpp">
      <Filter>Source Files</Filter>
    </ClCompile>
    <ClCompile Include="menu\debug.cpp">
      <Filter>Source Files</Filter>
    </ClCompile>
    <ClCompile Include="menu\menu.cpp">
      <Filter>Source Files</Filter>
    </ClCompile>
    <ClCompile Include="menu\misc_tab.cpp">
      <Filter>Source Files</Filter>
    </ClCompile>
    <ClCompile Include="menu\rage_tab.cpp">
      <Filter>Source Files</Filter>
    </ClCompile>
    <ClCompile Include="menu\scripts_tab.cpp">
      <Filter>Source Files</Filter>
    </ClCompile>
    <ClCompile Include="menu\skinchanger_tab.cpp">
      <Filter>Source Files</Filter>
    </ClCompile>
    <ClCompile Include="menu\visuals_tab.cpp">
      <Filter>Source Files</Filter>
    </ClCompile>
    <ClCompile Include="network\app_hack.cpp">
      <Filter>Source Files</Filter>
    </ClCompile>
    <ClCompile Include="network\load_indicator.cpp">
      <Filter>Source Files</Filter>
    </ClCompile>
    <ClCompile Include="network\net_helpers.cpp">
      <Filter>Source Files</Filter>
    </ClCompile>
    <ClCompile Include="renderer\src\adapters\adapter_dx9.cpp">
      <Filter>Source Files</Filter>
    </ClCompile>
    <ClCompile Include="renderer\src\buffers\cmd_buffer.cpp">
      <Filter>Source Files</Filter>
    </ClCompile>
    <ClCompile Include="renderer\src\buffers\ib_dx9.cpp">
      <Filter>Source Files</Filter>
    </ClCompile>
    <ClCompile Include="renderer\src\buffers\ib_dx11.cpp">
      <Filter>Source Files</Filter>
    </ClCompile>
    <ClCompile Include="renderer\src\buffers\vb_dx9.cpp">
      <Filter>Source Files</Filter>
    </ClCompile>
    <ClCompile Include="renderer\src\buffers\vb_dx11.cpp">
      <Filter>Source Files</Filter>
    </ClCompile>
    <ClCompile Include="renderer\src\types\animated_texture.cpp">
      <Filter>Source Files</Filter>
    </ClCompile>
    <ClCompile Include="renderer\src\types\font.cpp">
      <Filter>Source Files</Filter>
    </ClCompile>
    <ClCompile Include="renderer\src\types\shader.cpp">
      <Filter>Source Files</Filter>
    </ClCompile>
    <ClCompile Include="renderer\src\types\texture.cpp">
      <Filter>Source Files</Filter>
    </ClCompile>
    <ClCompile Include="renderer\src\layer.cpp">
      <Filter>Source Files</Filter>
    </ClCompile>
    <ClCompile Include="renderer\src\renderer.cpp">
      <Filter>Source Files</Filter>
    </ClCompile>
    <ClCompile Include="util\cvar_lexer.cpp">
      <Filter>Source Files</Filter>
    </ClCompile>
    <ClCompile Include="util\fnv1a.cpp">
      <Filter>Source Files</Filter>
    </ClCompile>
    <ClCompile Include="util\memory.cpp">
      <Filter>Source Files</Filter>
    </ClCompile>
    <ClCompile Include="main.cpp">
      <Filter>Source Files</Filter>
    </ClCompile>
    <ClCompile Include="pch.cpp">
      <Filter>Source Files</Filter>
    </ClCompile>
    <ClCompile Include="contrib\fonts\fonts.cpp">
      <Filter>Source Files</Filter>
    </ClCompile>
    <ClCompile Include="gui\widgets\indicators.cpp">
      <Filter>Source Files</Filter>
    </ClCompile>
  </ItemGroup>
  <ItemGroup>
    <ClInclude Include="hacks\advertisement.h">
      <Filter>Header Files</Filter>
    </ClInclude>
    <ClInclude Include="hacks\antiaim.h">
      <Filter>Header Files</Filter>
    </ClInclude>
    <ClInclude Include="hacks\chams.h">
      <Filter>Header Files</Filter>
    </ClInclude>
    <ClInclude Include="hacks\esp.h">
      <Filter>Header Files</Filter>
    </ClInclude>
    <ClInclude Include="hacks\grenade_prediction.h">
      <Filter>Header Files</Filter>
    </ClInclude>
    <ClInclude Include="hacks\misc.h">
      <Filter>Header Files</Filter>
    </ClInclude>
    <ClInclude Include="hacks\movement.h">
      <Filter>Header Files</Filter>
    </ClInclude>
    <ClInclude Include="hacks\peek_assistant.h">
      <Filter>Header Files</Filter>
    </ClInclude>
    <ClInclude Include="hacks\rage.h">
      <Filter>Header Files</Filter>
    </ClInclude>
    <ClInclude Include="hacks\skinchanger.h">
      <Filter>Header Files</Filter>
    </ClInclude>
    <ClInclude Include="hacks\tickbase.h">
      <Filter>Header Files</Filter>
    </ClInclude>
    <ClInclude Include="hacks\visuals.h">
      <Filter>Header Files</Filter>
    </ClInclude>
    <ClInclude Include="base\cfg.h">
      <Filter>Header Files</Filter>
    </ClInclude>
    <ClInclude Include="base\crash_handler.h">
      <Filter>Header Files</Filter>
    </ClInclude>
    <ClInclude Include="base\debug_overlay.h">
      <Filter>Header Files</Filter>
    </ClInclude>
    <ClInclude Include="base\draw_manager.h">
      <Filter>Header Files</Filter>
    </ClInclude>
    <ClInclude Include="base\event_log.h">
      <Filter>Header Files</Filter>
    </ClInclude>
    <ClInclude Include="base\game.h">
      <Filter>Header Files</Filter>
    </ClInclude>
    <ClInclude Include="base\hook_manager.h">
      <Filter>Header Files</Filter>
    </ClInclude>
    <ClInclude Include="contrib\client\gzip\compress.hpp">
      <Filter>Header Files</Filter>
    </ClInclude>
    <ClInclude Include="contrib\client\gzip\config.hpp">
      <Filter>Header Files</Filter>
    </ClInclude>
    <ClInclude Include="contrib\client\gzip\decompress.hpp">
      <Filter>Header Files</Filter>
    </ClInclude>
    <ClInclude Include="contrib\client\gzip\utils.hpp">
      <Filter>Header Files</Filter>
    </ClInclude>
    <ClInclude Include="contrib\client\gzip\version.hpp">
      <Filter>Header Files</Filter>
    </ClInclude>
    <ClInclude Include="contrib\gui\include\gui\controls\button.h">
      <Filter>Header Files</Filter>
    </ClInclude>
    <ClInclude Include="contrib\gui\include\gui\controls\checkbox.h">
      <Filter>Header Files</Filter>
    </ClInclude>
    <ClInclude Include="contrib\gui\include\gui\controls\child_tab.h">
      <Filter>Header Files</Filter>
    </ClInclude>
    <ClInclude Include="contrib\gui\include\gui\controls\color_picker.h">
      <Filter>Header Files</Filter>
    </ClInclude>
    <ClInclude Include="contrib\gui\include\gui\controls\combo_box.h">
      <Filter>Header Files</Filter>
    </ClInclude>
    <ClInclude Include="contrib\gui\include\gui\controls\control_container.h">
      <Filter>Header Files</Filter>
    </ClInclude>
    <ClInclude Include="contrib\gui\include\gui\controls\group.h">
      <Filter>Header Files</Filter>
    </ClInclude>
    <ClInclude Include="contrib\gui\include\gui\controls\hotkey.h">
      <Filter>Header Files</Filter>
    </ClInclude>
    <ClInclude Include="contrib\gui\include\gui\controls\hsv_slider.h">
      <Filter>Header Files</Filter>
    </ClInclude>
    <ClInclude Include="contrib\gui\include\gui\controls\label.h">
      <Filter>Header Files</Filter>
    </ClInclude>
    <ClInclude Include="contrib\gui\include\gui\controls\layout.h">
      <Filter>Header Files</Filter>
    </ClInclude>
    <ClInclude Include="contrib\gui\include\gui\controls\list.h">
      <Filter>Header Files</Filter>
    </ClInclude>
    <ClInclude Include="contrib\gui\include\gui\controls\loading.h">
      <Filter>Header Files</Filter>
    </ClInclude>
    <ClInclude Include="contrib\gui\include\gui\controls\notification_control.h">
      <Filter>Header Files</Filter>
    </ClInclude>
    <ClInclude Include="contrib\gui\include\gui\controls\popup.h">
      <Filter>Header Files</Filter>
    </ClInclude>
    <ClInclude Include="contrib\gui\include\gui\controls\search_result.h">
      <Filter>Header Files</Filter>
    </ClInclude>
    <ClInclude Include="contrib\gui\include\gui\controls\selectable.h">
      <Filter>Header Files</Filter>
    </ClInclude>
    <ClInclude Include="contrib\gui\include\gui\controls\slider.h">
      <Filter>Header Files</Filter>
    </ClInclude>
    <ClInclude Include="contrib\gui\include\gui\controls\spacer.h">
      <Filter>Header Files</Filter>
    </ClInclude>
    <ClInclude Include="contrib\gui\include\gui\controls\tab.h">
      <Filter>Header Files</Filter>
    </ClInclude>
    <ClInclude Include="contrib\gui\include\gui\controls\tabs_layout.h">
      <Filter>Header Files</Filter>
    </ClInclude>
    <ClInclude Include="contrib\gui\include\gui\controls\text_input.h">
      <Filter>Header Files</Filter>
    </ClInclude>
    <ClInclude Include="contrib\gui\include\gui\controls\toggle_button.h">
      <Filter>Header Files</Filter>
    </ClInclude>
    <ClInclude Include="contrib\gui\include\gui\controls\widget.h">
      <Filter>Header Files</Filter>
    </ClInclude>
    <ClInclude Include="contrib\gui\include\gui\controls\window.h">
      <Filter>Header Files</Filter>
    </ClInclude>
    <ClInclude Include="contrib\gui\include\gui\popups\color_picker_popup.h">
      <Filter>Header Files</Filter>
    </ClInclude>
    <ClInclude Include="contrib\gui\include\gui\popups\combo_box_popup.h">
      <Filter>Header Files</Filter>
    </ClInclude>
    <ClInclude Include="contrib\gui\include\gui\popups\dialog_box.h">
      <Filter>Header Files</Filter>
    </ClInclude>
    <ClInclude Include="contrib\gui\include\gui\popups\hotkey_popup.h">
      <Filter>Header Files</Filter>
    </ClInclude>
    <ClInclude Include="contrib\gui\include\gui\popups\message_box.h">
      <Filter>Header Files</Filter>
    </ClInclude>
    <ClInclude Include="contrib\gui\include\gui\popups\notifications_popup.h">
      <Filter>Header Files</Filter>
    </ClInclude>
    <ClInclude Include="contrib\gui\include\gui\popups\search_popup.h">
      <Filter>Header Files</Filter>
    </ClInclude>
    <ClInclude Include="contrib\gui\include\gui\anim.h">
      <Filter>Header Files</Filter>
    </ClInclude>
    <ClInclude Include="contrib\gui\include\gui\container.h">
      <Filter>Header Files</Filter>
    </ClInclude>
    <ClInclude Include="contrib\gui\include\gui\control.h">
      <Filter>Header Files</Filter>
    </ClInclude>
    <ClInclude Include="contrib\gui\include\gui\controls.h">
      <Filter>Header Files</Filter>
    </ClInclude>
    <ClInclude Include="contrib\gui\include\gui\gui.h">
      <Filter>Header Files</Filter>
    </ClInclude>
    <ClInclude Include="contrib\gui\include\gui\helpers.h">
      <Filter>Header Files</Filter>
    </ClInclude>
    <ClInclude Include="contrib\gui\include\gui\input.h">
      <Filter>Header Files</Filter>
    </ClInclude>
    <ClInclude Include="contrib\gui\include\gui\misc.h">
      <Filter>Header Files</Filter>
    </ClInclude>
    <ClInclude Include="contrib\gui\include\gui\notify_system.h">
      <Filter>Header Files</Filter>
    </ClInclude>
    <ClInclude Include="contrib\gui\include\gui\traits.h">
      <Filter>Header Files</Filter>
    </ClInclude>
    <ClInclude Include="contrib\gui\include\gui\values.h">
      <Filter>Header Files</Filter>
    </ClInclude>
    <ClInclude Include="contrib\miniz\zip_file.hpp">
      <Filter>Header Files</Filter>
    </ClInclude>
    <ClInclude Include="contrib\nlohmann\json.hpp">
      <Filter>Header Files</Filter>
    </ClInclude>
    <ClInclude Include="contrib\tinyformat\tinyformat.h">
      <Filter>Header Files</Filter>
    </ClInclude>
    <ClInclude Include="detail\aim_helper.h">
      <Filter>Header Files</Filter>
    </ClInclude>
    <ClInclude Include="detail\custom_prediction.h">
      <Filter>Header Files</Filter>
    </ClInclude>
    <ClInclude Include="detail\custom_tracing.h">
      <Filter>Header Files</Filter>
    </ClInclude>
    <ClInclude Include="detail\dispatch_queue.h">
      <Filter>Header Files</Filter>
    </ClInclude>
    <ClInclude Include="detail\dx_adapter.h">
      <Filter>Header Files</Filter>
    </ClInclude>
    <ClInclude Include="detail\entity_rendering.h">
      <Filter>Header Files</Filter>
    </ClInclude>
    <ClInclude Include="detail\events.h">
      <Filter>Header Files</Filter>
    </ClInclude>
    <ClInclude Include="detail\player_list.h">
      <Filter>Header Files</Filter>
    </ClInclude>
    <ClInclude Include="detail\shot_tracker.h">
      <Filter>Header Files</Filter>
    </ClInclude>
    <ClInclude Include="gui\popups\about_popup.h">
      <Filter>Header Files</Filter>
    </ClInclude>
    <ClInclude Include="gui\popups\payment_popup.h">
      <Filter>Header Files</Filter>
    </ClInclude>
    <ClInclude Include="gui\popups\public_software_popup.h">
      <Filter>Header Files</Filter>
    </ClInclude>
    <ClInclude Include="gui\widgets\active_hotkeys.h">
      <Filter>Header Files</Filter>
    </ClInclude>
    <ClInclude Include="gui\widgets\bomb.h">
      <Filter>Header Files</Filter>
    </ClInclude>
    <ClInclude Include="gui\widgets\spectators.h">
      <Filter>Header Files</Filter>
    </ClInclude>
    <ClInclude Include="gui\preview_model.h">
      <Filter>Header Files</Filter>
    </ClInclude>
    <ClInclude Include="gui\public_software_item.h">
      <Filter>Header Files</Filter>
    </ClInclude>
    <ClInclude Include="gui\selectable_config.h">
      <Filter>Header Files</Filter>
    </ClInclude>
    <ClInclude Include="gui\selectable_script.h">
      <Filter>Header Files</Filter>
    </ClInclude>
    <ClInclude Include="gui_legacy\gui.h">
      <Filter>Header Files</Filter>
    </ClInclude>
    <ClInclude Include="hooks\hooks.h">
      <Filter>Header Files</Filter>
    </ClInclude>
    <ClInclude Include="lua\api_def.h">
      <Filter>Header Files</Filter>
    </ClInclude>
    <ClInclude Include="lua\engine.h">
      <Filter>Header Files</Filter>
    </ClInclude>
    <ClInclude Include="lua\helpers.h">
      <Filter>Header Files</Filter>
    </ClInclude>
    <ClInclude Include="lua\state.h">
      <Filter>Header Files</Filter>
    </ClInclude>
    <ClInclude Include="menu\effects\snow_effect.h">
      <Filter>Header Files</Filter>
    </ClInclude>
    <ClInclude Include="menu\macros.h">
      <Filter>Header Files</Filter>
    </ClInclude>
    <ClInclude Include="menu\menu.h">
      <Filter>Header Files</Filter>
    </ClInclude>
    <ClInclude Include="network\app_hack.h">
      <Filter>Header Files</Filter>
    </ClInclude>
    <ClInclude Include="network\helpers.h">
      <Filter>Header Files</Filter>
    </ClInclude>
    <ClInclude Include="network\load_indicator.h">
      <Filter>Header Files</Filter>
    </ClInclude>
    <ClInclude Include="renderer\include\lib\image.h">
      <Filter>Header Files</Filter>
    </ClInclude>
    <ClInclude Include="renderer\include\lib\rectpack.h">
      <Filter>Header Files</Filter>
    </ClInclude>
    <ClInclude Include="renderer\include\lib\truetype.h">
      <Filter>Header Files</Filter>
    </ClInclude>
    <ClInclude Include="renderer\include\ren\adapters\adapter_dx9.h">
      <Filter>Header Files</Filter>
    </ClInclude>
    <ClInclude Include="renderer\include\ren\buffers\cmd_buffer.h">
      <Filter>Header Files</Filter>
    </ClInclude>
    <ClInclude Include="renderer\include\ren\buffers\ib_dx9.h">
      <Filter>Header Files</Filter>
    </ClInclude>
    <ClInclude Include="renderer\include\ren\buffers\ib_dx11.h">
      <Filter>Header Files</Filter>
    </ClInclude>
    <ClInclude Include="renderer\include\ren\buffers\vb_dx9.h">
      <Filter>Header Files</Filter>
    </ClInclude>
    <ClInclude Include="renderer\include\ren\buffers\vb_dx11.h">
      <Filter>Header Files</Filter>
    </ClInclude>
    <ClInclude Include="renderer\include\ren\types\animated_texture.h">
      <Filter>Header Files</Filter>
    </ClInclude>
    <ClInclude Include="renderer\include\ren\types\animator.h">
      <Filter>Header Files</Filter>
    </ClInclude>
    <ClInclude Include="renderer\include\ren\types\color.h">
      <Filter>Header Files</Filter>
    </ClInclude>
    <ClInclude Include="renderer\include\ren\types\command.h">
      <Filter>Header Files</Filter>
    </ClInclude>
    <ClInclude Include="renderer\include\ren\types\font.h">
      <Filter>Header Files</Filter>
    </ClInclude>
    <ClInclude Include="renderer\include\ren\types\pos.h">
      <Filter>Header Files</Filter>
    </ClInclude>
    <ClInclude Include="renderer\include\ren\types\shader.h">
      <Filter>Header Files</Filter>
    </ClInclude>
    <ClInclude Include="renderer\include\ren\types\texture.h">
      <Filter>Header Files</Filter>
    </ClInclude>
    <ClInclude Include="renderer\include\ren\types\vertex.h">
      <Filter>Header Files</Filter>
    </ClInclude>
    <ClInclude Include="renderer\include\ren\adapter.h">
      <Filter>Header Files</Filter>
    </ClInclude>
    <ClInclude Include="renderer\include\ren\buffer.h">
      <Filter>Header Files</Filter>
    </ClInclude>
    <ClInclude Include="renderer\include\ren\layer.h">
      <Filter>Header Files</Filter>
    </ClInclude>
    <ClInclude Include="renderer\include\ren\macros.h">
      <Filter>Header Files</Filter>
    </ClInclude>
    <ClInclude Include="renderer\include\ren\managed.h">
      <Filter>Header Files</Filter>
    </ClInclude>
    <ClInclude Include="renderer\include\ren\misc.h">
      <Filter>Header Files</Filter>
    </ClInclude>
    <ClInclude Include="renderer\include\ren\renderer.h">
      <Filter>Header Files</Filter>
    </ClInclude>
    <ClInclude Include="resources\cursor.h">
      <Filter>Header Files</Filter>
    </ClInclude>
    <ClInclude Include="resources\icon_add.h">
      <Filter>Header Files</Filter>
    </ClInclude>
    <ClInclude Include="resources\icon_alert.h">
      <Filter>Header Files</Filter>
    </ClInclude>
    <ClInclude Include="resources\icon_allow_dynamic_load.h">
      <Filter>Header Files</Filter>
    </ClInclude>
    <ClInclude Include="resources\icon_allow_insecure.h">
      <Filter>Header Files</Filter>
    </ClInclude>
    <ClInclude Include="resources\icon_autoload.h">
      <Filter>Header Files</Filter>
    </ClInclude>
    <ClInclude Include="resources\icon_bug.h">
      <Filter>Header Files</Filter>
    </ClInclude>
    <ClInclude Include="resources\icon_clear.h">
      <Filter>Header Files</Filter>
    </ClInclude>
    <ClInclude Include="resources\icon_cloud.h">
      <Filter>Header Files</Filter>
    </ClInclude>
    <ClInclude Include="resources\icon_copy.h">
      <Filter>Header Files</Filter>
    </ClInclude>
    <ClInclude Include="resources\icon_delete.h">
      <Filter>Header Files</Filter>
    </ClInclude>
    <ClInclude Include="resources\icon_down.h">
      <Filter>Header Files</Filter>
    </ClInclude>
    <ClInclude Include="resources\icon_error.h">
      <Filter>Header Files</Filter>
    </ClInclude>
    <ClInclude Include="resources\icon_export.h">
      <Filter>Header Files</Filter>
    </ClInclude>
    <ClInclude Include="resources\icon_file.h">
      <Filter>Header Files</Filter>
    </ClInclude>
    <ClInclude Include="resources\icon_folder.h">
      <Filter>Header Files</Filter>
    </ClInclude>
    <ClInclude Include="resources\icon_import.h">
      <Filter>Header Files</Filter>
    </ClInclude>
    <ClInclude Include="resources\icon_legit.h">
      <Filter>Header Files</Filter>
    </ClInclude>
    <ClInclude Include="resources\icon_load.h">
      <Filter>Header Files</Filter>
    </ClInclude>
    <ClInclude Include="resources\icon_misc.h">
      <Filter>Header Files</Filter>
    </ClInclude>
    <ClInclude Include="resources\icon_paste.h">
      <Filter>Header Files</Filter>
    </ClInclude>
    <ClInclude Include="resources\icon_rage.h">
      <Filter>Header Files</Filter>
    </ClInclude>
    <ClInclude Include="resources\icon_refresh.h">
      <Filter>Header Files</Filter>
    </ClInclude>
    <ClInclude Include="resources\icon_reset.h">
      <Filter>Header Files</Filter>
    </ClInclude>
    <ClInclude Include="resources\icon_save.h">
      <Filter>Header Files</Filter>
    </ClInclude>
    <ClInclude Include="resources\icon_scripts.h">
      <Filter>Header Files</Filter>
    </ClInclude>
    <ClInclude Include="resources\icon_search.h">
      <Filter>Header Files</Filter>
    </ClInclude>
    <ClInclude Include="resources\icon_skins.h">
      <Filter>Header Files</Filter>
    </ClInclude>
    <ClInclude Include="resources\icon_success.h">
      <Filter>Header Files</Filter>
    </ClInclude>
    <ClInclude Include="resources\icon_up.h">
      <Filter>Header Files</Filter>
    </ClInclude>
    <ClInclude Include="resources\icon_visuals.h">
      <Filter>Header Files</Filter>
    </ClInclude>
    <ClInclude Include="resources\loading.h">
      <Filter>Header Files</Filter>
    </ClInclude>
    <ClInclude Include="resources\logo.h">
      <Filter>Header Files</Filter>
    </ClInclude>
    <ClInclude Include="resources\pattern.h">
      <Filter>Header Files</Filter>
    </ClInclude>
    <ClInclude Include="resources\pattern_group.h">
      <Filter>Header Files</Filter>
    </ClInclude>
    <ClInclude Include="sdk\bitbuf.h">
      <Filter>Header Files</Filter>
    </ClInclude>
    <ClInclude Include="sdk\client_entity.h">
      <Filter>Header Files</Filter>
    </ClInclude>
    <ClInclude Include="sdk\client_entity_list.h">
      <Filter>Header Files</Filter>
    </ClInclude>
    <ClInclude Include="sdk\client_mode.h">
      <Filter>Header Files</Filter>
    </ClInclude>
    <ClInclude Include="sdk\client_state.h">
      <Filter>Header Files</Filter>
    </ClInclude>
    <ClInclude Include="sdk\color.h">
      <Filter>Header Files</Filter>
    </ClInclude>
    <ClInclude Include="sdk\convar.h">
      <Filter>Header Files</Filter>
    </ClInclude>
    <ClInclude Include="sdk\cs_player.h">
      <Filter>Header Files</Filter>
    </ClInclude>
    <ClInclude Include="sdk\cs_player_resource.h">
      <Filter>Header Files</Filter>
    </ClInclude>
    <ClInclude Include="sdk\cutlvector.h">
      <Filter>Header Files</Filter>
    </ClInclude>
    <ClInclude Include="sdk\datamap.h">
      <Filter>Header Files</Filter>
    </ClInclude>
    <ClInclude Include="sdk\debug_overlay.h">
      <Filter>Header Files</Filter>
    </ClInclude>
    <ClInclude Include="sdk\econ_item.h">
      <Filter>Header Files</Filter>
    </ClInclude>
    <ClInclude Include="sdk\engine_client.h">
      <Filter>Header Files</Filter>
    </ClInclude>
    <ClInclude Include="sdk\engine_sound.h">
      <Filter>Header Files</Filter>
    </ClInclude>
    <ClInclude Include="sdk\engine_trace.h">
      <Filter>Header Files</Filter>
    </ClInclude>
    <ClInclude Include="sdk\entity.h">
      <Filter>Header Files</Filter>
    </ClInclude>
    <ClInclude Include="sdk\game_event_manager.h">
      <Filter>Header Files</Filter>
    </ClInclude>
    <ClInclude Include="sdk\game_movement.h">
      <Filter>Header Files</Filter>
    </ClInclude>
    <ClInclude Include="sdk\game_rules.h">
      <Filter>Header Files</Filter>
    </ClInclude>
    <ClInclude Include="sdk\generated.h">
      <Filter>Header Files</Filter>
    </ClInclude>
    <ClInclude Include="sdk\global_vars_base.h">
      <Filter>Header Files</Filter>
    </ClInclude>
    <ClInclude Include="sdk\glow_manager.h">
      <Filter>Header Files</Filter>
    </ClInclude>
    <ClInclude Include="sdk\hl_client.h">
      <Filter>Header Files</Filter>
    </ClInclude>
    <ClInclude Include="sdk\input.h">
      <Filter>Header Files</Filter>
    </ClInclude>
    <ClInclude Include="sdk\input_system.h">
      <Filter>Header Files</Filter>
    </ClInclude>
    <ClInclude Include="sdk\intrinsics.h">
      <Filter>Header Files</Filter>
    </ClInclude>
    <ClInclude Include="sdk\keyvalues.h">
      <Filter>Header Files</Filter>
    </ClInclude>
    <ClInclude Include="sdk\localize.h">
      <Filter>Header Files</Filter>
    </ClInclude>
    <ClInclude Include="sdk\macros.h">
      <Filter>Header Files</Filter>
    </ClInclude>
    <ClInclude Include="sdk\mat.h">
      <Filter>Header Files</Filter>
    </ClInclude>
    <ClInclude Include="sdk\math.h">
      <Filter>Header Files</Filter>
    </ClInclude>
    <ClInclude Include="sdk\mdl_cache.h">
      <Filter>Header Files</Filter>
    </ClInclude>
    <ClInclude Include="sdk\mem_alloc.h">
      <Filter>Header Files</Filter>
    </ClInclude>
    <ClInclude Include="sdk\misc.h">
      <Filter>Header Files</Filter>
    </ClInclude>
    <ClInclude Include="sdk\model_info_client.h">
      <Filter>Header Files</Filter>
    </ClInclude>
    <ClInclude Include="sdk\model_render.h">
      <Filter>Header Files</Filter>
    </ClInclude>
    <ClInclude Include="sdk\panorama.h">
      <Filter>Header Files</Filter>
    </ClInclude>
    <ClInclude Include="sdk\plantedc4.h">
      <Filter>Header Files</Filter>
    </ClInclude>
    <ClInclude Include="sdk\prediction.h">
      <Filter>Header Files</Filter>
    </ClInclude>
    <ClInclude Include="sdk\recv.h">
      <Filter>Header Files</Filter>
    </ClInclude>
    <ClInclude Include="sdk\render_view.h">
      <Filter>Header Files</Filter>
    </ClInclude>
    <ClInclude Include="sdk\steamapi.h">
      <Filter>Header Files</Filter>
    </ClInclude>
    <ClInclude Include="sdk\surface.h">
      <Filter>Header Files</Filter>
    </ClInclude>
    <ClInclude Include="sdk\surface_props.h">
      <Filter>Header Files</Filter>
    </ClInclude>
    <ClInclude Include="sdk\v8.h">
      <Filter>Header Files</Filter>
    </ClInclude>
    <ClInclude Include="sdk\vec2.h">
      <Filter>Header Files</Filter>
    </ClInclude>
    <ClInclude Include="sdk\vec3.h">
      <Filter>Header Files</Filter>
    </ClInclude>
    <ClInclude Include="sdk\vec4.h">
      <Filter>Header Files</Filter>
    </ClInclude>
    <ClInclude Include="sdk\vertex.h">
      <Filter>Header Files</Filter>
    </ClInclude>
    <ClInclude Include="sdk\view_render.h">
      <Filter>Header Files</Filter>
    </ClInclude>
    <ClInclude Include="sdk\weapon.h">
      <Filter>Header Files</Filter>
    </ClInclude>
    <ClInclude Include="sdk\weapon_system.h">
      <Filter>Header Files</Filter>
    </ClInclude>
    <ClInclude Include="util\anti_debug.h">
      <Filter>Header Files</Filter>
    </ClInclude>
    <ClInclude Include="util\circular_buffer.h">
      <Filter>Header Files</Filter>
    </ClInclude>
    <ClInclude Include="util\cvar_lexer.h">
      <Filter>Header Files</Filter>
    </ClInclude>
    <ClInclude Include="util\definitions.h">
      <Filter>Header Files</Filter>
    </ClInclude>
    <ClInclude Include="util\fnv1a.h">
      <Filter>Header Files</Filter>
    </ClInclude>
    <ClInclude Include="util\hook.h">
      <Filter>Header Files</Filter>
    </ClInclude>
    <ClInclude Include="util\macros.h">
      <Filter>Header Files</Filter>
    </ClInclude>
    <ClInclude Include="util\mem_guard.h">
      <Filter>Header Files</Filter>
    </ClInclude>
    <ClInclude Include="util\memory.h">
      <Filter>Header Files</Filter>
    </ClInclude>
    <ClInclude Include="util\misc.h">
      <Filter>Header Files</Filter>
    </ClInclude>
    <ClInclude Include="util\poly.h">
      <Filter>Header Files</Filter>
    </ClInclude>
    <ClInclude Include="util\random.h">
      <Filter>Header Files</Filter>
    </ClInclude>
    <ClInclude Include="util\value_obfuscation.h">
      <Filter>Header Files</Filter>
    </ClInclude>
    <ClInclude Include="macros.h">
      <Filter>Header Files</Filter>
    </ClInclude>
    <ClInclude Include="pch.h">
      <Filter>Header Files</Filter>
    </ClInclude>
    <ClInclude Include="VirtualizerSDK.h">
      <Filter>Header Files</Filter>
    </ClInclude>
    <ClInclude Include="contrib\fonts\fonts.h">
      <Filter>Header Files</Filter>
    </ClInclude>
    <ClInclude Include="gui\widgets\indicators.h">
      <Filter>Header Files</Filter>
    </ClInclude>
    <ClInclude Include="anti_debugger\crypt_str.h">
      <Filter>Header Files</Filter>
    </ClInclude>
    <ClInclude Include="anti_debugger\sha-256.h">
      <Filter>Header Files</Filter>
    </ClInclude>
    <ClInclude Include="anti_debugger\imports.h">
      <Filter>Header Files</Filter>
    </ClInclude>
  </ItemGroup>
</Project>